<?xml version="1.0" encoding="utf-8"?>
<Project ToolsVersion="4.0" xmlns="http://schemas.microsoft.com/developer/msbuild/2003">
  <ItemGroup>
    <Filter Include="Source Files">
      <UniqueIdentifier>{4FC737F1-C7A5-4376-A066-2A32D752A2FF}</UniqueIdentifier>
      <Extensions>cpp;c;cc;cxx;def;odl;idl;hpj;bat;asm;asmx</Extensions>
    </Filter>
    <Filter Include="Header Files">
      <UniqueIdentifier>{93995380-89BD-4b04-88EB-625FBE52EBFB}</UniqueIdentifier>
      <Extensions>h;hh;hpp;hxx;hm;inl;inc;ipp;xsd</Extensions>
    </Filter>
    <Filter Include="Resource Files">
      <UniqueIdentifier>{67DA6AB6-F800-4c08-8B7A-83BB121AAD01}</UniqueIdentifier>
      <Extensions>rc;ico;cur;bmp;dlg;rc2;rct;bin;rgs;gif;jpg;jpeg;jpe;resx;tiff;tif;png;wav;mfcribbon-ms</Extensions>
    </Filter>
    <Filter Include="Header Files\Action">
      <UniqueIdentifier>{69f42dc7-066a-4ba6-bc86-2d136499a093}</UniqueIdentifier>
    </Filter>
    <Filter Include="Header Files\Game Render">
      <UniqueIdentifier>{9a912675-b9fd-4041-9c69-f920eff3fb53}</UniqueIdentifier>
    </Filter>
    <Filter Include="Header Files\Game">
      <UniqueIdentifier>{f7cd6166-3412-40e3-a08d-7896fd4482f1}</UniqueIdentifier>
    </Filter>
    <Filter Include="Header Files\Input">
      <UniqueIdentifier>{ed9533ee-e3e0-464d-ad99-de9eb60f8b85}</UniqueIdentifier>
    </Filter>
    <Filter Include="Source Files\Action">
      <UniqueIdentifier>{0c571f5b-05e9-410d-91b2-9f8709a65339}</UniqueIdentifier>
    </Filter>
    <Filter Include="Source Files\Game Render">
      <UniqueIdentifier>{f838fc7d-b85f-4c13-913a-35f6299b62e6}</UniqueIdentifier>
    </Filter>
    <Filter Include="Source Files\Game">
      <UniqueIdentifier>{1d040b3d-1bbb-4735-bf2f-451c1a56c115}</UniqueIdentifier>
    </Filter>
    <Filter Include="Source Files\Input">
      <UniqueIdentifier>{3347dd69-31c8-4e74-872c-a4275c22c182}</UniqueIdentifier>
    </Filter>
  </ItemGroup>
  <ItemGroup>
    <ClInclude Include="stdafx.h">
      <Filter>Header Files</Filter>
    </ClInclude>
    <ClInclude Include="targetver.h">
      <Filter>Header Files</Filter>
    </ClInclude>
    <ClInclude Include="common.h">
      <Filter>Header Files</Filter>
    </ClInclude>
    <ClInclude Include="Action.h">
      <Filter>Header Files\Action</Filter>
    </ClInclude>
    <ClInclude Include="BackAction.h">
      <Filter>Header Files\Action</Filter>
    </ClInclude>
    <ClInclude Include="DiscoverAction.h">
      <Filter>Header Files\Action</Filter>
    </ClInclude>
    <ClInclude Include="InstructionAction.h">
      <Filter>Header Files\Action</Filter>
    </ClInclude>
    <ClInclude Include="InventoryAction.h">
      <Filter>Header Files\Action</Filter>
    </ClInclude>
    <ClInclude Include="ItemAction.h">
      <Filter>Header Files\Action</Filter>
    </ClInclude>
    <ClInclude Include="MapAction.h">
      <Filter>Header Files\Action</Filter>
    </ClInclude>
    <ClInclude Include="MoveAction.h">
      <Filter>Header Files\Action</Filter>
    </ClInclude>
    <ClInclude Include="QuitAction.h">
      <Filter>Header Files\Action</Filter>
    </ClInclude>
    <ClInclude Include="ControlUnit.h">
      <Filter>Header Files\Game Render</Filter>
    </ClInclude>
    <ClInclude Include="CommandGroup.h">
      <Filter>Header Files\Game Render</Filter>
    </ClInclude>
    <ClInclude Include="Command.h">
      <Filter>Header Files\Game Render</Filter>
    </ClInclude>
    <ClInclude Include="ItemCommandGroup.h">
      <Filter>Header Files\Game Render</Filter>
    </ClInclude>
    <ClInclude Include="ItemGroupContext.h">
      <Filter>Header Files\Game Render</Filter>
    </ClInclude>
    <ClInclude Include="MainCommandGroup.h">
      <Filter>Header Files\Game Render</Filter>
    </ClInclude>
    <ClInclude Include="Movement.h">
      <Filter>Header Files\Game Render</Filter>
    </ClInclude>
    <ClInclude Include="Game.h">
      <Filter>Header Files\Game</Filter>
    </ClInclude>
    <ClInclude Include="Area.h">
      <Filter>Header Files\Game</Filter>
    </ClInclude>
    <ClInclude Include="Character.h">
      <Filter>Header Files\Game</Filter>
    </ClInclude>
    <ClInclude Include="GameHelper.h">
      <Filter>Header Files\Game</Filter>
    </ClInclude>
    <ClInclude Include="Investigator.h">
      <Filter>Header Files\Game</Filter>
    </ClInclude>
    <ClInclude Include="ItemContainer.h">
      <Filter>Header Files\Game</Filter>
    </ClInclude>
    <ClInclude Include="Item.h">
      <Filter>Header Files\Game</Filter>
    </ClInclude>
    <ClInclude Include="Map.h">
      <Filter>Header Files\Game</Filter>
    </ClInclude>
    <ClInclude Include="Question.h">
      <Filter>Header Files\Game</Filter>
    </ClInclude>
    <ClInclude Include="Role.h">
      <Filter>Header Files\Game</Filter>
    </ClInclude>
    <ClInclude Include="Time.h">
      <Filter>Header Files\Action</Filter>
    </ClInclude>
    <ClInclude Include="Suspect.h">
      <Filter>Header Files\Game</Filter>
    </ClInclude>
    <ClInclude Include="JSON.h">
      <Filter>Header Files\Input</Filter>
    </ClInclude>
    <ClInclude Include="SectionInput.h">
      <Filter>Header Files\Input</Filter>
    </ClInclude>
    <ClInclude Include="QuestionCommandGroup.h">
      <Filter>Header Files\Game Render</Filter>
    </ClInclude>
    <ClInclude Include="QuestionAction.h">
      <Filter>Header Files\Action</Filter>
    </ClInclude>
    <ClInclude Include="AskSuspectAction.h">
      <Filter>Header Files\Action</Filter>
    </ClInclude>
    <ClInclude Include="AskSuspectCommandGroup.h">
      <Filter>Header Files\Game Render</Filter>
    </ClInclude>
    <ClInclude Include="AskAction.h">
      <Filter>Header Files\Action</Filter>
    </ClInclude>
    <ClInclude Include="Guess.h">
      <Filter>Header Files\Game</Filter>
    </ClInclude>
    <ClInclude Include="GuessAction.h">
      <Filter>Header Files\Action</Filter>
    </ClInclude>
    <ClInclude Include="GuessCharacterAction.h">
      <Filter>Header Files\Action</Filter>
    </ClInclude>
    <ClInclude Include="GuessCharacterCommandGroup.h">
      <Filter>Header Files\Game Render</Filter>
    </ClInclude>
    <ClInclude Include="GuessItemAction.h">
      <Filter>Header Files\Action</Filter>
    </ClInclude>
    <ClInclude Include="GuessItemCommandGroup.h">
      <Filter>Header Files\Game Render</Filter>
    </ClInclude>
    <ClInclude Include="MovementAction.h">
      <Filter>Header Files\Action</Filter>
    </ClInclude>
  </ItemGroup>
  <ItemGroup>
    <ClCompile Include="stdafx.cpp">
      <Filter>Source Files</Filter>
    </ClCompile>
    <ClCompile Include="PhanTranA2.cpp">
      <Filter>Source Files</Filter>
    </ClCompile>
    <ClCompile Include="common.cpp">
      <Filter>Source Files</Filter>
    </ClCompile>
    <ClCompile Include="Action.cpp">
      <Filter>Source Files\Action</Filter>
    </ClCompile>
    <ClCompile Include="Area.cpp">
      <Filter>Source Files\Game</Filter>
    </ClCompile>
    <ClCompile Include="BackAction.cpp">
      <Filter>Source Files\Action</Filter>
    </ClCompile>
    <ClCompile Include="Character.cpp">
      <Filter>Source Files\Game</Filter>
    </ClCompile>
    <ClCompile Include="Command.cpp">
      <Filter>Source Files\Game Render</Filter>
    </ClCompile>
    <ClCompile Include="CommandGroup.cpp">
      <Filter>Source Files\Game Render</Filter>
    </ClCompile>
    <ClCompile Include="ControlUnit.cpp">
      <Filter>Source Files\Game Render</Filter>
    </ClCompile>
    <ClCompile Include="DiscoverAction.cpp">
      <Filter>Source Files\Action</Filter>
    </ClCompile>
    <ClCompile Include="Game.cpp">
      <Filter>Source Files\Game</Filter>
    </ClCompile>
    <ClCompile Include="GameHelper.cpp">
      <Filter>Source Files\Game</Filter>
    </ClCompile>
    <ClCompile Include="InstructionAction.cpp">
      <Filter>Source Files\Action</Filter>
    </ClCompile>
    <ClCompile Include="InventoryAction.cpp">
      <Filter>Source Files\Action</Filter>
    </ClCompile>
    <ClCompile Include="Investigator.cpp">
      <Filter>Source Files\Game</Filter>
    </ClCompile>
    <ClCompile Include="Item.cpp">
      <Filter>Source Files\Game</Filter>
    </ClCompile>
    <ClCompile Include="ItemAction.cpp">
      <Filter>Source Files\Action</Filter>
    </ClCompile>
    <ClCompile Include="ItemCommandGroup.cpp">
      <Filter>Source Files\Game Render</Filter>
    </ClCompile>
    <ClCompile Include="ItemGroupContext.cpp">
      <Filter>Source Files\Game Render</Filter>
    </ClCompile>
    <ClCompile Include="MainCommandGroup.cpp">
      <Filter>Source Files\Game Render</Filter>
    </ClCompile>
    <ClCompile Include="Map.cpp">
      <Filter>Source Files\Game</Filter>
    </ClCompile>
    <ClCompile Include="JSON.cpp">
      <Filter>Source Files\Input</Filter>
    </ClCompile>
    <ClCompile Include="MapAction.cpp">
      <Filter>Source Files\Action</Filter>
    </ClCompile>
    <ClCompile Include="MoveAction.cpp">
      <Filter>Source Files\Action</Filter>
    </ClCompile>
    <ClCompile Include="Movement.cpp">
      <Filter>Source Files\Game Render</Filter>
    </ClCompile>
    <ClCompile Include="Question.cpp">
      <Filter>Source Files\Game</Filter>
    </ClCompile>
    <ClCompile Include="Role.cpp">
      <Filter>Source Files\Game</Filter>
    </ClCompile>
    <ClCompile Include="QuitAction.cpp">
      <Filter>Source Files\Action</Filter>
    </ClCompile>
    <ClCompile Include="SectionInput.cpp">
      <Filter>Source Files\Input</Filter>
    </ClCompile>
    <ClCompile Include="Suspect.cpp">
      <Filter>Source Files\Game</Filter>
    </ClCompile>
    <ClCompile Include="Time.cpp">
      <Filter>Source Files\Action</Filter>
    </ClCompile>
    <ClCompile Include="QuestionAction.cpp">
      <Filter>Source Files\Action</Filter>
    </ClCompile>
    <ClCompile Include="AskAction.cpp">
      <Filter>Source Files\Action</Filter>
    </ClCompile>
    <ClCompile Include="AskSuspectAction.cpp">
      <Filter>Source Files\Action</Filter>
    </ClCompile>
    <ClCompile Include="AskSuspectCommandGroup.cpp">
      <Filter>Source Files\Game Render</Filter>
    </ClCompile>
    <ClCompile Include="Guess.cpp">
      <Filter>Source Files\Game</Filter>
    </ClCompile>
    <ClCompile Include="GuessAction.cpp">
      <Filter>Source Files\Action</Filter>
    </ClCompile>
    <ClCompile Include="GuessCharacterAction.cpp">
      <Filter>Source Files\Action</Filter>
    </ClCompile>
    <ClCompile Include="GuessCharacterCommandGroup.cpp">
      <Filter>Source Files\Game Render</Filter>
    </ClCompile>
    <ClCompile Include="GuessItemAction.cpp">
      <Filter>Source Files\Action</Filter>
    </ClCompile>
    <ClCompile Include="GuessItemCommandGroup.cpp">
      <Filter>Source Files\Game Render</Filter>
    </ClCompile>
    <ClCompile Include="ItemContainer.cpp">
      <Filter>Source Files\Game</Filter>
    </ClCompile>
    <ClCompile Include="MovementAction.cpp">
      <Filter>Source Files\Action</Filter>
    </ClCompile>
    <ClCompile Include="QuestionCommandGroup.cpp">
      <Filter>Source Files\Game Render</Filter>
    </ClCompile>
  </ItemGroup>
  <ItemGroup>
    <Text Include="gameHelper.txt">
      <Filter>Resource Files</Filter>
    </Text>
  </ItemGroup>
  <ItemGroup>
    <None Include="gameConfig.json">
      <Filter>Resource Files</Filter>
    </None>
  </ItemGroup>
</Project>